
Microsoft Visual Studio Solution File, Format Version 12.00
# Visual Studio Version 16
VisualStudioVersion = 16.0.29905.134
MinimumVisualStudioVersion = 10.0.40219.1
Project("{9A19103F-16F7-4668-BE54-9A1E7A4F7556}") = "CarStoreApplication", "CarStoreApplication.csproj", "{B325FEBE-E946-449D-A35B-9FF6B5578DCC}"
EndProject
Global
	GlobalSection(SolutionConfigurationPlatforms) = preSolution
		Debug|Any CPU = Debug|Any CPU
		Release|Any CPU = Release|Any CPU
	EndGlobalSection
	GlobalSection(ProjectConfigurationPlatforms) = postSolution
		{B325FEBE-E946-449D-A35B-9FF6B5578DCC}.Debug|Any CPU.ActiveCfg = Debug|Any CPU
		{B325FEBE-E946-449D-A35B-9FF6B5578DCC}.Debug|Any CPU.Build.0 = Debug|Any CPU
		{B325FEBE-E946-449D-A35B-9FF6B5578DCC}.Release|Any CPU.ActiveCfg = Release|Any CPU
		{B325FEBE-E946-449D-A35B-9FF6B5578DCC}.Release|Any CPU.Build.0 = Release|Any CPU
	EndGlobalSection
	GlobalSection(SolutionProperties) = preSolution
		HideSolutionNode = FALSE
	EndGlobalSection
	GlobalSection(ExtensibilityGlobals) = postSolution
		SolutionGuid = {F9799AF9-5C1B-4A41-99EA-94BF890BE407}
	EndGlobalSection
EndGlobal
